{
  "object": {
    "pins": [
      {
        "package": "SwiftToolbox",
        "repositoryURL": "git@github.com:iam-bartl/SwiftToolbox.git",
        "state": {
          "branch": "main",
          "revision": "8be9c5793900f4fb75da085029c98a39c998fa22",
          "version": null
        }
      }
    ]
  },
  "version": 1
}
